
Microsoft Visual Studio Solution File, Format Version 12.00
# Visual Studio 15
Project("{FAE04EC0-301F-11D3-BF4B-00C04F79EFBC}") = "Assembly-CSharp", "Assembly-CSharp.csproj", "{E51F494A-7594-6216-3D53-198688E5A750}"
EndProject
Project("{FAE04EC0-301F-11D3-BF4B-00C04F79EFBC}") = "Assembly-CSharp", "Assembly-CSharp.Player.csproj", "{BFC04506-DA48-440C-8276-C7C5D901F7AD}"
EndProject
Global
	GlobalSection(SolutionConfigurationPlatforms) = preSolution
		Debug|Any CPU = Debug|Any CPU
		Release|Any CPU = Release|Any CPU
	EndGlobalSection
	GlobalSection(ProjectConfigurationPlatforms) = postSolution
		{E51F494A-7594-6216-3D53-198688E5A750}.Debug|Any CPU.ActiveCfg = Debug|Any CPU
		{E51F494A-7594-6216-3D53-198688E5A750}.Debug|Any CPU.Build.0 = Debug|Any CPU
		{E51F494A-7594-6216-3D53-198688E5A750}.Release|Any CPU.ActiveCfg = Release|Any CPU
		{E51F494A-7594-6216-3D53-198688E5A750}.Release|Any CPU.Build.0 = Release|Any CPU
		{BFC04506-DA48-440C-8276-C7C5D901F7AD}.Debug|Any CPU.ActiveCfg = Debug|Any CPU
		{BFC04506-DA48-440C-8276-C7C5D901F7AD}.Debug|Any CPU.Build.0 = Debug|Any CPU
		{BFC04506-DA48-440C-8276-C7C5D901F7AD}.Release|Any CPU.ActiveCfg = Release|Any CPU
		{BFC04506-DA48-440C-8276-C7C5D901F7AD}.Release|Any CPU.Build.0 = Release|Any CPU
	EndGlobalSection
	GlobalSection(SolutionProperties) = preSolution
		HideSolutionNode = FALSE
	EndGlobalSection
EndGlobal
