
Microsoft Visual Studio Solution File, Format Version 12.00
# Visual Studio 15
Project("{FAE04EC0-301F-11D3-BF4B-00C04F79EFBC}") = "Assembly-CSharp", "Assembly-CSharp.csproj", "{558A03DE-970D-C974-70D8-A7AA87A89B71}"
EndProject
Project("{FAE04EC0-301F-11D3-BF4B-00C04F79EFBC}") = "Assembly-CSharp", "Assembly-CSharp.Player.csproj", "{DA8FC582-3A75-5BD9-D794-F7FD2D886FB5}"
EndProject
Global
	GlobalSection(SolutionConfigurationPlatforms) = preSolution
		Debug|Any CPU = Debug|Any CPU
		Release|Any CPU = Release|Any CPU
	EndGlobalSection
	GlobalSection(ProjectConfigurationPlatforms) = postSolution
		{558A03DE-970D-C974-70D8-A7AA87A89B71}.Debug|Any CPU.ActiveCfg = Debug|Any CPU
		{558A03DE-970D-C974-70D8-A7AA87A89B71}.Debug|Any CPU.Build.0 = Debug|Any CPU
		{558A03DE-970D-C974-70D8-A7AA87A89B71}.Release|Any CPU.ActiveCfg = Release|Any CPU
		{558A03DE-970D-C974-70D8-A7AA87A89B71}.Release|Any CPU.Build.0 = Release|Any CPU
		{DA8FC582-3A75-5BD9-D794-F7FD2D886FB5}.Debug|Any CPU.ActiveCfg = Debug|Any CPU
		{DA8FC582-3A75-5BD9-D794-F7FD2D886FB5}.Debug|Any CPU.Build.0 = Debug|Any CPU
		{DA8FC582-3A75-5BD9-D794-F7FD2D886FB5}.Release|Any CPU.ActiveCfg = Release|Any CPU
		{DA8FC582-3A75-5BD9-D794-F7FD2D886FB5}.Release|Any CPU.Build.0 = Release|Any CPU
	EndGlobalSection
	GlobalSection(SolutionProperties) = preSolution
		HideSolutionNode = FALSE
	EndGlobalSection
EndGlobal
