
Microsoft Visual Studio Solution File, Format Version 12.00
# Visual Studio 15
Project("{FAE04EC0-301F-11D3-BF4B-00C04F79EFBC}") = "Unity.2D.Tilemap.Extras", "Unity.2D.Tilemap.Extras.csproj", "{E24EF184-0771-4F29-0580-7213BFB05CFB}"
EndProject
Project("{FAE04EC0-301F-11D3-BF4B-00C04F79EFBC}") = "Assembly-CSharp", "Assembly-CSharp.csproj", "{AF7D6F0A-22B0-2744-A825-8660F548CE73}"
EndProject
Project("{FAE04EC0-301F-11D3-BF4B-00C04F79EFBC}") = "Unity.2D.Tilemap.Extras.Editor", "Unity.2D.Tilemap.Extras.Editor.csproj", "{DD4E2AB2-C4D5-5133-D9C4-D13D6FDE046C}"
EndProject
Project("{FAE04EC0-301F-11D3-BF4B-00C04F79EFBC}") = "Unity.2D.Tilemap.Extras.Placeholder.EditorTests", "Unity.2D.Tilemap.Extras.Placeholder.EditorTests.csproj", "{7E07813E-5157-9EEE-686C-63F618143A76}"
EndProject
Project("{FAE04EC0-301F-11D3-BF4B-00C04F79EFBC}") = "Unity.2D.Tilemap.Extras", "Unity.2D.Tilemap.Extras.Player.csproj", "{A9FC5D1C-61D8-EE26-F630-0C2727A1A1BF}"
EndProject
Project("{FAE04EC0-301F-11D3-BF4B-00C04F79EFBC}") = "Assembly-CSharp", "Assembly-CSharp.Player.csproj", "{8E64192E-BDAC-3EA5-B869-91903CAF3F37}"
EndProject
Global
	GlobalSection(SolutionConfigurationPlatforms) = preSolution
		Debug|Any CPU = Debug|Any CPU
		Release|Any CPU = Release|Any CPU
	EndGlobalSection
	GlobalSection(ProjectConfigurationPlatforms) = postSolution
		{E24EF184-0771-4F29-0580-7213BFB05CFB}.Debug|Any CPU.ActiveCfg = Debug|Any CPU
		{E24EF184-0771-4F29-0580-7213BFB05CFB}.Debug|Any CPU.Build.0 = Debug|Any CPU
		{E24EF184-0771-4F29-0580-7213BFB05CFB}.Release|Any CPU.ActiveCfg = Release|Any CPU
		{E24EF184-0771-4F29-0580-7213BFB05CFB}.Release|Any CPU.Build.0 = Release|Any CPU
		{AF7D6F0A-22B0-2744-A825-8660F548CE73}.Debug|Any CPU.ActiveCfg = Debug|Any CPU
		{AF7D6F0A-22B0-2744-A825-8660F548CE73}.Debug|Any CPU.Build.0 = Debug|Any CPU
		{AF7D6F0A-22B0-2744-A825-8660F548CE73}.Release|Any CPU.ActiveCfg = Release|Any CPU
		{AF7D6F0A-22B0-2744-A825-8660F548CE73}.Release|Any CPU.Build.0 = Release|Any CPU
		{DD4E2AB2-C4D5-5133-D9C4-D13D6FDE046C}.Debug|Any CPU.ActiveCfg = Debug|Any CPU
		{DD4E2AB2-C4D5-5133-D9C4-D13D6FDE046C}.Debug|Any CPU.Build.0 = Debug|Any CPU
		{DD4E2AB2-C4D5-5133-D9C4-D13D6FDE046C}.Release|Any CPU.ActiveCfg = Release|Any CPU
		{DD4E2AB2-C4D5-5133-D9C4-D13D6FDE046C}.Release|Any CPU.Build.0 = Release|Any CPU
		{7E07813E-5157-9EEE-686C-63F618143A76}.Debug|Any CPU.ActiveCfg = Debug|Any CPU
		{7E07813E-5157-9EEE-686C-63F618143A76}.Debug|Any CPU.Build.0 = Debug|Any CPU
		{7E07813E-5157-9EEE-686C-63F618143A76}.Release|Any CPU.ActiveCfg = Release|Any CPU
		{7E07813E-5157-9EEE-686C-63F618143A76}.Release|Any CPU.Build.0 = Release|Any CPU
		{A9FC5D1C-61D8-EE26-F630-0C2727A1A1BF}.Debug|Any CPU.ActiveCfg = Debug|Any CPU
		{A9FC5D1C-61D8-EE26-F630-0C2727A1A1BF}.Debug|Any CPU.Build.0 = Debug|Any CPU
		{A9FC5D1C-61D8-EE26-F630-0C2727A1A1BF}.Release|Any CPU.ActiveCfg = Release|Any CPU
		{A9FC5D1C-61D8-EE26-F630-0C2727A1A1BF}.Release|Any CPU.Build.0 = Release|Any CPU
		{8E64192E-BDAC-3EA5-B869-91903CAF3F37}.Debug|Any CPU.ActiveCfg = Debug|Any CPU
		{8E64192E-BDAC-3EA5-B869-91903CAF3F37}.Debug|Any CPU.Build.0 = Debug|Any CPU
		{8E64192E-BDAC-3EA5-B869-91903CAF3F37}.Release|Any CPU.ActiveCfg = Release|Any CPU
		{8E64192E-BDAC-3EA5-B869-91903CAF3F37}.Release|Any CPU.Build.0 = Release|Any CPU
	EndGlobalSection
	GlobalSection(SolutionProperties) = preSolution
		HideSolutionNode = FALSE
	EndGlobalSection
EndGlobal
